
Microsoft Visual Studio Solution File, Format Version 12.00
# Visual Studio Version 17
VisualStudioVersion = 17.7.34031.279
MinimumVisualStudioVersion = 10.0.40219.1
Project("{2150E333-8FDC-42A3-9474-1A3956D46DE8}") = "Services", "Services", "{3E46CA88-19EE-432D-A0CA-1B6871C1EEA1}"
EndProject
Project("{2150E333-8FDC-42A3-9474-1A3956D46DE8}") = "Catalog", "Catalog", "{2789253D-D9AB-493C-A3B9-5CE3950B2866}"
EndProject
Project("{E53339B2-1760-4266-BCC7-CA923CBCF16C}") = "docker-compose", "docker-compose.dcproj", "{FCBEAF3B-57F8-41BE-B560-B261A2E4F689}"
EndProject
Project("{9A19103F-16F7-4668-BE54-9A1E7A4F7556}") = "Catalog.Core", "Services\Catalog\Catalog.Core\Catalog.Core.csproj", "{B2B0897E-0ED6-4384-A7FD-4D7346ACED0D}"
EndProject
Project("{9A19103F-16F7-4668-BE54-9A1E7A4F7556}") = "Catalog.Application", "Services\Catalog\Catalog,Application\Catalog.Application.csproj", "{1562D761-C642-4BFB-8B88-26CFB017FB79}"
EndProject
Project("{9A19103F-16F7-4668-BE54-9A1E7A4F7556}") = "Catalog.Infrastucture", "Services\Catalog\Catalog.Infrastucture\Catalog.Infrastucture.csproj", "{10ED8C34-4965-4DDD-BDF3-902DD46BFAC6}"
EndProject
Project("{9A19103F-16F7-4668-BE54-9A1E7A4F7556}") = "Catalog.API", "Services\Catalog\Catalog.API\Catalog.API.csproj", "{6572DAE9-01BC-4B04-A512-7D2E44CF3DDD}"
EndProject
Project("{2150E333-8FDC-42A3-9474-1A3956D46DE8}") = "Basket", "Basket", "{1A95033D-8979-4191-994F-365D25D48286}"
EndProject
Project("{9A19103F-16F7-4668-BE54-9A1E7A4F7556}") = "Basket.Application", "Services\Basket\Basket.Application\Basket.Application.csproj", "{401E55D6-27C3-4CC7-BA87-DD4FE79F46DC}"
EndProject
Project("{9A19103F-16F7-4668-BE54-9A1E7A4F7556}") = "Basket.Core", "Services\Basket\Basket.Core\Basket.Core.csproj", "{9E6318F0-F0AE-4E28-96D4-07FCA4CBE575}"
EndProject
Project("{9A19103F-16F7-4668-BE54-9A1E7A4F7556}") = "Basket.Infrastructure", "Services\Basket\Basket.Infrastructure\Basket.Infrastructure.csproj", "{08531B28-0505-454E-8DEF-6AADB7347048}"
EndProject
Project("{9A19103F-16F7-4668-BE54-9A1E7A4F7556}") = "Basket.Api", "Services\Basket\Basket.Api\Basket.Api.csproj", "{82E8DBED-2BEE-49DB-AF2E-8FFEDA317E0A}"
EndProject
Project("{2150E333-8FDC-42A3-9474-1A3956D46DE8}") = "Discount", "Discount", "{3FA35BA5-8CF5-401B-BCE1-33D3E3055C34}"
EndProject
Project("{9A19103F-16F7-4668-BE54-9A1E7A4F7556}") = "Discount.Api", "Services\Discount\Discount.Api\Discount.Api.csproj", "{C4DCE6FF-3FA6-401F-80F5-373C8D74383C}"
EndProject
Project("{9A19103F-16F7-4668-BE54-9A1E7A4F7556}") = "Discount.Core", "Services\Discount\Discount.Core\Discount.Core.csproj", "{7CEABAB8-21A0-4E5F-9BB2-667D367E85B0}"
EndProject
Project("{9A19103F-16F7-4668-BE54-9A1E7A4F7556}") = "Discount.Application", "Services\Discount\Discount.Application\Discount.Application.csproj", "{EF9270D9-0412-44C9-9812-2A516F29B720}"
EndProject
Project("{9A19103F-16F7-4668-BE54-9A1E7A4F7556}") = "Discount.Infrastructure", "Services\Discount\Discount.Infrastructure\Discount.Infrastructure.csproj", "{13FF1F53-5983-4AF4-94A4-0D14F3580F96}"
EndProject
Project("{2150E333-8FDC-42A3-9474-1A3956D46DE8}") = "Ordering", "Ordering", "{9012E6F5-0A3C-41EF-A8D0-E64CA4F4B455}"
EndProject
Project("{9A19103F-16F7-4668-BE54-9A1E7A4F7556}") = "Ordering.API", "Services\Ordering\Ordering.API\Ordering.API.csproj", "{E5CA2352-E3E0-4208-9B85-36219E838DE8}"
EndProject
Project("{9A19103F-16F7-4668-BE54-9A1E7A4F7556}") = "Ordering.Core", "Services\Ordering\Ordering.Core\Ordering.Core.csproj", "{0FF07030-8F10-463E-8F35-457040FAAAF2}"
EndProject
Project("{9A19103F-16F7-4668-BE54-9A1E7A4F7556}") = "Ordering.Infrastructure", "Services\Ordering\Ordering.Infrastructure\Ordering.Infrastructure.csproj", "{B4E95662-AC9A-4E54-8ED4-94D3C90468F9}"
EndProject
Project("{9A19103F-16F7-4668-BE54-9A1E7A4F7556}") = "Ordering.Application", "Services\Ordering\Ordering.Application\Ordering.Application.csproj", "{0980DC30-01EA-46BF-939F-8284E20E041E}"
EndProject
Project("{2150E333-8FDC-42A3-9474-1A3956D46DE8}") = "Infrastructure", "Infrastructure", "{7547C765-7870-41C4-B903-1A54431CE0DF}"
EndProject
Project("{9A19103F-16F7-4668-BE54-9A1E7A4F7556}") = "EventBus.Messages", "Infrastructure\EventBus.Messages\EventBus.Messages.csproj", "{8C427B50-DAF3-401A-B5E6-36AC75475179}"
EndProject
Project("{2150E333-8FDC-42A3-9474-1A3956D46DE8}") = "ApiGateways", "ApiGateways", "{B46ED668-DC29-4B42-BF34-7000FDCF0AB4}"
EndProject
Project("{9A19103F-16F7-4668-BE54-9A1E7A4F7556}") = "Ocelot.ApiGateway", "ApiGateways\Ocelot.ApiGateway\Ocelot.ApiGateway.csproj", "{280C02D1-2B96-476A-B85A-EA088E4DC5D8}"
EndProject
Project("{9A19103F-16F7-4668-BE54-9A1E7A4F7556}") = "Eshopping.Identity", "Infrastructure\Eshopping.Identity\Eshopping.Identity.csproj", "{84430525-2401-4F7A-9888-6631FC81141D}"
EndProject
Global
	GlobalSection(SolutionConfigurationPlatforms) = preSolution
		Debug|Any CPU = Debug|Any CPU
		Release|Any CPU = Release|Any CPU
	EndGlobalSection
	GlobalSection(ProjectConfigurationPlatforms) = postSolution
		{FCBEAF3B-57F8-41BE-B560-B261A2E4F689}.Debug|Any CPU.ActiveCfg = Debug|Any CPU
		{FCBEAF3B-57F8-41BE-B560-B261A2E4F689}.Debug|Any CPU.Build.0 = Debug|Any CPU
		{FCBEAF3B-57F8-41BE-B560-B261A2E4F689}.Release|Any CPU.ActiveCfg = Release|Any CPU
		{FCBEAF3B-57F8-41BE-B560-B261A2E4F689}.Release|Any CPU.Build.0 = Release|Any CPU
		{B2B0897E-0ED6-4384-A7FD-4D7346ACED0D}.Debug|Any CPU.ActiveCfg = Debug|Any CPU
		{B2B0897E-0ED6-4384-A7FD-4D7346ACED0D}.Debug|Any CPU.Build.0 = Debug|Any CPU
		{B2B0897E-0ED6-4384-A7FD-4D7346ACED0D}.Release|Any CPU.ActiveCfg = Release|Any CPU
		{B2B0897E-0ED6-4384-A7FD-4D7346ACED0D}.Release|Any CPU.Build.0 = Release|Any CPU
		{1562D761-C642-4BFB-8B88-26CFB017FB79}.Debug|Any CPU.ActiveCfg = Debug|Any CPU
		{1562D761-C642-4BFB-8B88-26CFB017FB79}.Debug|Any CPU.Build.0 = Debug|Any CPU
		{1562D761-C642-4BFB-8B88-26CFB017FB79}.Release|Any CPU.ActiveCfg = Release|Any CPU
		{1562D761-C642-4BFB-8B88-26CFB017FB79}.Release|Any CPU.Build.0 = Release|Any CPU
		{10ED8C34-4965-4DDD-BDF3-902DD46BFAC6}.Debug|Any CPU.ActiveCfg = Debug|Any CPU
		{10ED8C34-4965-4DDD-BDF3-902DD46BFAC6}.Debug|Any CPU.Build.0 = Debug|Any CPU
		{10ED8C34-4965-4DDD-BDF3-902DD46BFAC6}.Release|Any CPU.ActiveCfg = Release|Any CPU
		{10ED8C34-4965-4DDD-BDF3-902DD46BFAC6}.Release|Any CPU.Build.0 = Release|Any CPU
		{6572DAE9-01BC-4B04-A512-7D2E44CF3DDD}.Debug|Any CPU.ActiveCfg = Debug|Any CPU
		{6572DAE9-01BC-4B04-A512-7D2E44CF3DDD}.Debug|Any CPU.Build.0 = Debug|Any CPU
		{6572DAE9-01BC-4B04-A512-7D2E44CF3DDD}.Release|Any CPU.ActiveCfg = Release|Any CPU
		{6572DAE9-01BC-4B04-A512-7D2E44CF3DDD}.Release|Any CPU.Build.0 = Release|Any CPU
		{401E55D6-27C3-4CC7-BA87-DD4FE79F46DC}.Debug|Any CPU.ActiveCfg = Debug|Any CPU
		{401E55D6-27C3-4CC7-BA87-DD4FE79F46DC}.Debug|Any CPU.Build.0 = Debug|Any CPU
		{401E55D6-27C3-4CC7-BA87-DD4FE79F46DC}.Release|Any CPU.ActiveCfg = Release|Any CPU
		{401E55D6-27C3-4CC7-BA87-DD4FE79F46DC}.Release|Any CPU.Build.0 = Release|Any CPU
		{9E6318F0-F0AE-4E28-96D4-07FCA4CBE575}.Debug|Any CPU.ActiveCfg = Debug|Any CPU
		{9E6318F0-F0AE-4E28-96D4-07FCA4CBE575}.Debug|Any CPU.Build.0 = Debug|Any CPU
		{9E6318F0-F0AE-4E28-96D4-07FCA4CBE575}.Release|Any CPU.ActiveCfg = Release|Any CPU
		{9E6318F0-F0AE-4E28-96D4-07FCA4CBE575}.Release|Any CPU.Build.0 = Release|Any CPU
		{08531B28-0505-454E-8DEF-6AADB7347048}.Debug|Any CPU.ActiveCfg = Debug|Any CPU
		{08531B28-0505-454E-8DEF-6AADB7347048}.Debug|Any CPU.Build.0 = Debug|Any CPU
		{08531B28-0505-454E-8DEF-6AADB7347048}.Release|Any CPU.ActiveCfg = Release|Any CPU
		{08531B28-0505-454E-8DEF-6AADB7347048}.Release|Any CPU.Build.0 = Release|Any CPU
		{82E8DBED-2BEE-49DB-AF2E-8FFEDA317E0A}.Debug|Any CPU.ActiveCfg = Debug|Any CPU
		{82E8DBED-2BEE-49DB-AF2E-8FFEDA317E0A}.Debug|Any CPU.Build.0 = Debug|Any CPU
		{82E8DBED-2BEE-49DB-AF2E-8FFEDA317E0A}.Release|Any CPU.ActiveCfg = Release|Any CPU
		{82E8DBED-2BEE-49DB-AF2E-8FFEDA317E0A}.Release|Any CPU.Build.0 = Release|Any CPU
		{C4DCE6FF-3FA6-401F-80F5-373C8D74383C}.Debug|Any CPU.ActiveCfg = Debug|Any CPU
		{C4DCE6FF-3FA6-401F-80F5-373C8D74383C}.Debug|Any CPU.Build.0 = Debug|Any CPU
		{C4DCE6FF-3FA6-401F-80F5-373C8D74383C}.Release|Any CPU.ActiveCfg = Release|Any CPU
		{C4DCE6FF-3FA6-401F-80F5-373C8D74383C}.Release|Any CPU.Build.0 = Release|Any CPU
		{7CEABAB8-21A0-4E5F-9BB2-667D367E85B0}.Debug|Any CPU.ActiveCfg = Debug|Any CPU
		{7CEABAB8-21A0-4E5F-9BB2-667D367E85B0}.Debug|Any CPU.Build.0 = Debug|Any CPU
		{7CEABAB8-21A0-4E5F-9BB2-667D367E85B0}.Release|Any CPU.ActiveCfg = Release|Any CPU
		{7CEABAB8-21A0-4E5F-9BB2-667D367E85B0}.Release|Any CPU.Build.0 = Release|Any CPU
		{EF9270D9-0412-44C9-9812-2A516F29B720}.Debug|Any CPU.ActiveCfg = Debug|Any CPU
		{EF9270D9-0412-44C9-9812-2A516F29B720}.Debug|Any CPU.Build.0 = Debug|Any CPU
		{EF9270D9-0412-44C9-9812-2A516F29B720}.Release|Any CPU.ActiveCfg = Release|Any CPU
		{EF9270D9-0412-44C9-9812-2A516F29B720}.Release|Any CPU.Build.0 = Release|Any CPU
		{13FF1F53-5983-4AF4-94A4-0D14F3580F96}.Debug|Any CPU.ActiveCfg = Debug|Any CPU
		{13FF1F53-5983-4AF4-94A4-0D14F3580F96}.Debug|Any CPU.Build.0 = Debug|Any CPU
		{13FF1F53-5983-4AF4-94A4-0D14F3580F96}.Release|Any CPU.ActiveCfg = Release|Any CPU
		{13FF1F53-5983-4AF4-94A4-0D14F3580F96}.Release|Any CPU.Build.0 = Release|Any CPU
		{E5CA2352-E3E0-4208-9B85-36219E838DE8}.Debug|Any CPU.ActiveCfg = Debug|Any CPU
		{E5CA2352-E3E0-4208-9B85-36219E838DE8}.Debug|Any CPU.Build.0 = Debug|Any CPU
		{E5CA2352-E3E0-4208-9B85-36219E838DE8}.Release|Any CPU.ActiveCfg = Release|Any CPU
		{E5CA2352-E3E0-4208-9B85-36219E838DE8}.Release|Any CPU.Build.0 = Release|Any CPU
		{0FF07030-8F10-463E-8F35-457040FAAAF2}.Debug|Any CPU.ActiveCfg = Debug|Any CPU
		{0FF07030-8F10-463E-8F35-457040FAAAF2}.Debug|Any CPU.Build.0 = Debug|Any CPU
		{0FF07030-8F10-463E-8F35-457040FAAAF2}.Release|Any CPU.ActiveCfg = Release|Any CPU
		{0FF07030-8F10-463E-8F35-457040FAAAF2}.Release|Any CPU.Build.0 = Release|Any CPU
		{B4E95662-AC9A-4E54-8ED4-94D3C90468F9}.Debug|Any CPU.ActiveCfg = Debug|Any CPU
		{B4E95662-AC9A-4E54-8ED4-94D3C90468F9}.Debug|Any CPU.Build.0 = Debug|Any CPU
		{B4E95662-AC9A-4E54-8ED4-94D3C90468F9}.Release|Any CPU.ActiveCfg = Release|Any CPU
		{B4E95662-AC9A-4E54-8ED4-94D3C90468F9}.Release|Any CPU.Build.0 = Release|Any CPU
		{0980DC30-01EA-46BF-939F-8284E20E041E}.Debug|Any CPU.ActiveCfg = Debug|Any CPU
		{0980DC30-01EA-46BF-939F-8284E20E041E}.Debug|Any CPU.Build.0 = Debug|Any CPU
		{0980DC30-01EA-46BF-939F-8284E20E041E}.Release|Any CPU.ActiveCfg = Release|Any CPU
		{0980DC30-01EA-46BF-939F-8284E20E041E}.Release|Any CPU.Build.0 = Release|Any CPU
		{8C427B50-DAF3-401A-B5E6-36AC75475179}.Debug|Any CPU.ActiveCfg = Debug|Any CPU
		{8C427B50-DAF3-401A-B5E6-36AC75475179}.Debug|Any CPU.Build.0 = Debug|Any CPU
		{8C427B50-DAF3-401A-B5E6-36AC75475179}.Release|Any CPU.ActiveCfg = Release|Any CPU
		{8C427B50-DAF3-401A-B5E6-36AC75475179}.Release|Any CPU.Build.0 = Release|Any CPU
		{280C02D1-2B96-476A-B85A-EA088E4DC5D8}.Debug|Any CPU.ActiveCfg = Debug|Any CPU
		{280C02D1-2B96-476A-B85A-EA088E4DC5D8}.Debug|Any CPU.Build.0 = Debug|Any CPU
		{280C02D1-2B96-476A-B85A-EA088E4DC5D8}.Release|Any CPU.ActiveCfg = Release|Any CPU
		{280C02D1-2B96-476A-B85A-EA088E4DC5D8}.Release|Any CPU.Build.0 = Release|Any CPU
		{84430525-2401-4F7A-9888-6631FC81141D}.Debug|Any CPU.ActiveCfg = Debug|Any CPU
		{84430525-2401-4F7A-9888-6631FC81141D}.Debug|Any CPU.Build.0 = Debug|Any CPU
		{84430525-2401-4F7A-9888-6631FC81141D}.Release|Any CPU.ActiveCfg = Release|Any CPU
		{84430525-2401-4F7A-9888-6631FC81141D}.Release|Any CPU.Build.0 = Release|Any CPU
	EndGlobalSection
	GlobalSection(SolutionProperties) = preSolution
		HideSolutionNode = FALSE
	EndGlobalSection
	GlobalSection(NestedProjects) = preSolution
		{2789253D-D9AB-493C-A3B9-5CE3950B2866} = {3E46CA88-19EE-432D-A0CA-1B6871C1EEA1}
		{B2B0897E-0ED6-4384-A7FD-4D7346ACED0D} = {2789253D-D9AB-493C-A3B9-5CE3950B2866}
		{1562D761-C642-4BFB-8B88-26CFB017FB79} = {2789253D-D9AB-493C-A3B9-5CE3950B2866}
		{10ED8C34-4965-4DDD-BDF3-902DD46BFAC6} = {2789253D-D9AB-493C-A3B9-5CE3950B2866}
		{6572DAE9-01BC-4B04-A512-7D2E44CF3DDD} = {2789253D-D9AB-493C-A3B9-5CE3950B2866}
		{1A95033D-8979-4191-994F-365D25D48286} = {3E46CA88-19EE-432D-A0CA-1B6871C1EEA1}
		{401E55D6-27C3-4CC7-BA87-DD4FE79F46DC} = {1A95033D-8979-4191-994F-365D25D48286}
		{9E6318F0-F0AE-4E28-96D4-07FCA4CBE575} = {1A95033D-8979-4191-994F-365D25D48286}
		{08531B28-0505-454E-8DEF-6AADB7347048} = {1A95033D-8979-4191-994F-365D25D48286}
		{82E8DBED-2BEE-49DB-AF2E-8FFEDA317E0A} = {1A95033D-8979-4191-994F-365D25D48286}
		{3FA35BA5-8CF5-401B-BCE1-33D3E3055C34} = {3E46CA88-19EE-432D-A0CA-1B6871C1EEA1}
		{C4DCE6FF-3FA6-401F-80F5-373C8D74383C} = {3FA35BA5-8CF5-401B-BCE1-33D3E3055C34}
		{7CEABAB8-21A0-4E5F-9BB2-667D367E85B0} = {3FA35BA5-8CF5-401B-BCE1-33D3E3055C34}
		{EF9270D9-0412-44C9-9812-2A516F29B720} = {3FA35BA5-8CF5-401B-BCE1-33D3E3055C34}
		{13FF1F53-5983-4AF4-94A4-0D14F3580F96} = {3FA35BA5-8CF5-401B-BCE1-33D3E3055C34}
		{9012E6F5-0A3C-41EF-A8D0-E64CA4F4B455} = {3E46CA88-19EE-432D-A0CA-1B6871C1EEA1}
		{E5CA2352-E3E0-4208-9B85-36219E838DE8} = {9012E6F5-0A3C-41EF-A8D0-E64CA4F4B455}
		{0FF07030-8F10-463E-8F35-457040FAAAF2} = {9012E6F5-0A3C-41EF-A8D0-E64CA4F4B455}
		{B4E95662-AC9A-4E54-8ED4-94D3C90468F9} = {9012E6F5-0A3C-41EF-A8D0-E64CA4F4B455}
		{0980DC30-01EA-46BF-939F-8284E20E041E} = {9012E6F5-0A3C-41EF-A8D0-E64CA4F4B455}
		{8C427B50-DAF3-401A-B5E6-36AC75475179} = {7547C765-7870-41C4-B903-1A54431CE0DF}
		{280C02D1-2B96-476A-B85A-EA088E4DC5D8} = {B46ED668-DC29-4B42-BF34-7000FDCF0AB4}
		{84430525-2401-4F7A-9888-6631FC81141D} = {7547C765-7870-41C4-B903-1A54431CE0DF}
	EndGlobalSection
	GlobalSection(ExtensibilityGlobals) = postSolution
		SolutionGuid = {62843F5A-21E9-40D7-9600-DACA62D16868}
	EndGlobalSection
EndGlobal
